// !$*UTF8*$!
{
	archiveVersion = 1;
	classes = {
	};
	objectVersion = 46;
	objects = {

/* Begin PBXBuildFile section */
		6C1528361E865AB30086D4D5 /* AppDelegate.swift in Sources */ = {isa = PBXBuildFile; fileRef = 6C1528351E865AB30086D4D5 /* AppDelegate.swift */; };
		6C1528381E865AB30086D4D5 /* ViewController.swift in Sources */ = {isa = PBXBuildFile; fileRef = 6C1528371E865AB30086D4D5 /* ViewController.swift */; };
		6C15283D1E865AB30086D4D5 /* Assets.xcassets in Resources */ = {isa = PBXBuildFile; fileRef = 6C15283C1E865AB30086D4D5 /* Assets.xcassets */; };
		6C1C4C041E8BE964009CB2CB /* RXTabBarDownloadImage.swift in Sources */ = {isa = PBXBuildFile; fileRef = 6C1C4C031E8BE964009CB2CB /* RXTabBarDownloadImage.swift */; };
		6C2DCEA91E93E01600302F68 /* txt.txt in Resources */ = {isa = PBXBuildFile; fileRef = 6C2DCEA41E93E01500302F68 /* txt.txt */; };
		6C2DCEAA1E93E01600302F68 /* txt.txt in Resources */ = {isa = PBXBuildFile; fileRef = 6C2DCEA61E93E01600302F68 /* txt.txt */; };
		6C2DCEAB1E93E01600302F68 /* txt.txt in Resources */ = {isa = PBXBuildFile; fileRef = 6C2DCEA81E93E01600302F68 /* txt.txt */; };
		6C2DCEAD1E93E03A00302F68 /* RXSharkPlayerController.swift in Sources */ = {isa = PBXBuildFile; fileRef = 6C2DCEAC1E93E03A00302F68 /* RXSharkPlayerController.swift */; };
		6C2E96E71E8BD9FA0008967A /* LaunchScreen.storyboard in Resources */ = {isa = PBXBuildFile; fileRef = 6C2E96E31E8BD9FA0008967A /* LaunchScreen.storyboard */; };
		6C2E96E81E8BD9FA0008967A /* Main.storyboard in Resources */ = {isa = PBXBuildFile; fileRef = 6C2E96E51E8BD9FA0008967A /* Main.storyboard */; };
		6C2E972B1E8BDA580008967A /* RXBaseNavViewController.swift in Sources */ = {isa = PBXBuildFile; fileRef = 6C2E96EB1E8BDA580008967A /* RXBaseNavViewController.swift */; };
		6C2E972C1E8BDA580008967A /* RXBaseViewController.swift in Sources */ = {isa = PBXBuildFile; fileRef = 6C2E96EC1E8BDA580008967A /* RXBaseViewController.swift */; };
		6C2E972D1E8BDA580008967A /* RXTabBarViewController.swift in Sources */ = {isa = PBXBuildFile; fileRef = 6C2E96ED1E8BDA580008967A /* RXTabBarViewController.swift */; };
		6C2E972E1E8BDA580008967A /* RXModel.swift in Sources */ = {isa = PBXBuildFile; fileRef = 6C2E96EF1E8BDA580008967A /* RXModel.swift */; };
		6C2E972F1E8BDA580008967A /* RXTabBarModel.swift in Sources */ = {isa = PBXBuildFile; fileRef = 6C2E96F01E8BDA580008967A /* RXTabBarModel.swift */; };
		6C2E97301E8BDA580008967A /* RXTabBarItem.swift in Sources */ = {isa = PBXBuildFile; fileRef = 6C2E96F21E8BDA580008967A /* RXTabBarItem.swift */; };
		6C2E97311E8BDA580008967A /* RXTabBarView.swift in Sources */ = {isa = PBXBuildFile; fileRef = 6C2E96F31E8BDA580008967A /* RXTabBarView.swift */; };
		6C2E97331E8BDA580008967A /* RXHomeViewController.swift in Sources */ = {isa = PBXBuildFile; fileRef = 6C2E96F81E8BDA580008967A /* RXHomeViewController.swift */; };
		6C2E97381E8BDA580008967A /* RXProfileViewController.swift in Sources */ = {isa = PBXBuildFile; fileRef = 6C2E97021E8BDA580008967A /* RXProfileViewController.swift */; };
		6C2E973D1E8BDA580008967A /* RXShopCartViewController.swift in Sources */ = {isa = PBXBuildFile; fileRef = 6C2E970C1E8BDA580008967A /* RXShopCartViewController.swift */; };
		6C2E97421E8BDA580008967A /* RXStrollViewController.swift in Sources */ = {isa = PBXBuildFile; fileRef = 6C2E97161E8BDA580008967A /* RXStrollViewController.swift */; };
		6C2E97481E8BDA580008967A /* NSDate-Extension.swift in Sources */ = {isa = PBXBuildFile; fileRef = 6C2E97221E8BDA580008967A /* NSDate-Extension.swift */; };
		6C2E97491E8BDA580008967A /* UIBarButtonItem-Extension.swift in Sources */ = {isa = PBXBuildFile; fileRef = 6C2E97231E8BDA580008967A /* UIBarButtonItem-Extension.swift */; };
		6C2E974A1E8BDA580008967A /* UIColor-Extension.swift in Sources */ = {isa = PBXBuildFile; fileRef = 6C2E97241E8BDA580008967A /* UIColor-Extension.swift */; };
		6C2E974B1E8BDA580008967A /* RXConstant.swift in Sources */ = {isa = PBXBuildFile; fileRef = 6C2E97251E8BDA580008967A /* RXConstant.swift */; };
		6C2E974C1E8BDA580008967A /* RXPublicSetting.swift in Sources */ = {isa = PBXBuildFile; fileRef = 6C2E97261E8BDA580008967A /* RXPublicSetting.swift */; };
		6C2E974D1E8BDA580008967A /* RXNetworkTools.swift in Sources */ = {isa = PBXBuildFile; fileRef = 6C2E97271E8BDA580008967A /* RXNetworkTools.swift */; };
		6C8400041E9221190055C5DA /* RXSkillModel.swift in Sources */ = {isa = PBXBuildFile; fileRef = 6C8400031E9221190055C5DA /* RXSkillModel.swift */; };
		6C8400061E9240A90055C5DA /* RXIndexTVModel.swift in Sources */ = {isa = PBXBuildFile; fileRef = 6C8400051E9240A90055C5DA /* RXIndexTVModel.swift */; };
		6C8400081E924E960055C5DA /* RXHomeIndexTVCell.swift in Sources */ = {isa = PBXBuildFile; fileRef = 6C8400071E924E960055C5DA /* RXHomeIndexTVCell.swift */; };
		6CA09F9A1E8C9F3600C3736B /* RXHomeMarketingCell.swift in Sources */ = {isa = PBXBuildFile; fileRef = 6CA09F991E8C9F3600C3736B /* RXHomeMarketingCell.swift */; };
		6CA09F9C1E8CBDC300C3736B /* RXImageScroller.swift in Sources */ = {isa = PBXBuildFile; fileRef = 6CA09F9B1E8CBDC300C3736B /* RXImageScroller.swift */; };
		6CA09F9E1E8CDBF800C3736B /* RXImageScrollModel.swift in Sources */ = {isa = PBXBuildFile; fileRef = 6CA09F9D1E8CDBF800C3736B /* RXImageScrollModel.swift */; };
		6CA32D591E915935003869CF /* RXPrintInterface.swift in Sources */ = {isa = PBXBuildFile; fileRef = 6CA32D581E915935003869CF /* RXPrintInterface.swift */; };
		6CE6CC411E90A1620001EB74 /* RXPushTypeController.swift in Sources */ = {isa = PBXBuildFile; fileRef = 6CE6CC401E90A1620001EB74 /* RXPushTypeController.swift */; };
		6CE6CC431E90FBA20001EB74 /* RXHomeBuyerPlayerCell.swift in Sources */ = {isa = PBXBuildFile; fileRef = 6CE6CC421E90FBA20001EB74 /* RXHomeBuyerPlayerCell.swift */; };
		6CE6CC451E9100300001EB74 /* RXHomeIconModel.swift in Sources */ = {isa = PBXBuildFile; fileRef = 6CE6CC441E9100300001EB74 /* RXHomeIconModel.swift */; };
		6CE6CC471E9112A50001EB74 /* RXHomeGifAdCell.swift in Sources */ = {isa = PBXBuildFile; fileRef = 6CE6CC461E9112A50001EB74 /* RXHomeGifAdCell.swift */; };
		6CFBC3181E8E2D61000308D6 /* RXHomeImageScrollViewModel.swift in Sources */ = {isa = PBXBuildFile; fileRef = 6CFBC3171E8E2D61000308D6 /* RXHomeImageScrollViewModel.swift */; };
		6D8A506E9A4EFDEF998AAA69 /* Pods_RXSwiftExtention.framework in Frameworks */ = {isa = PBXBuildFile; fileRef = 158AFC8FB07982EB31B93E8C /* Pods_RXSwiftExtention.framework */; };
/* End PBXBuildFile section */

/* Begin PBXFileReference section */
		158AFC8FB07982EB31B93E8C /* Pods_RXSwiftExtention.framework */ = {isa = PBXFileReference; explicitFileType = wrapper.framework; includeInIndex = 0; path = Pods_RXSwiftExtention.framework; sourceTree = BUILT_PRODUCTS_DIR; };
		16F978C69749D89859E3AD5F /* Pods-RXSwiftExtention.release.xcconfig */ = {isa = PBXFileReference; includeInIndex = 1; lastKnownFileType = text.xcconfig; name = "Pods-RXSwiftExtention.release.xcconfig"; path = "Pods/Target Support Files/Pods-RXSwiftExtention/Pods-RXSwiftExtention.release.xcconfig"; sourceTree = "<group>"; };
		6C1528321E865AB30086D4D5 /* RXSwiftExtention.app */ = {isa = PBXFileReference; explicitFileType = wrapper.application; includeInIndex = 0; path = RXSwiftExtention.app; sourceTree = BUILT_PRODUCTS_DIR; };
		6C1528351E865AB30086D4D5 /* AppDelegate.swift */ = {isa = PBXFileReference; lastKnownFileType = sourcecode.swift; path = AppDelegate.swift; sourceTree = "<group>"; };
		6C1528371E865AB30086D4D5 /* ViewController.swift */ = {isa = PBXFileReference; lastKnownFileType = sourcecode.swift; path = ViewController.swift; sourceTree = "<group>"; };
		6C15283C1E865AB30086D4D5 /* Assets.xcassets */ = {isa = PBXFileReference; lastKnownFileType = folder.assetcatalog; path = Assets.xcassets; sourceTree = "<group>"; };
		6C1528411E865AB30086D4D5 /* Info.plist */ = {isa = PBXFileReference; lastKnownFileType = text.plist.xml; path = Info.plist; sourceTree = "<group>"; };
		6C1C4C031E8BE964009CB2CB /* RXTabBarDownloadImage.swift */ = {isa = PBXFileReference; fileEncoding = 4; lastKnownFileType = sourcecode.swift; path = RXTabBarDownloadImage.swift; sourceTree = "<group>"; };
		6C2DCEA41E93E01500302F68 /* txt.txt */ = {isa = PBXFileReference; fileEncoding = 4; lastKnownFileType = text; path = txt.txt; sourceTree = "<group>"; };
		6C2DCEA61E93E01600302F68 /* txt.txt */ = {isa = PBXFileReference; fileEncoding = 4; lastKnownFileType = text; path = txt.txt; sourceTree = "<group>"; };
		6C2DCEA81E93E01600302F68 /* txt.txt */ = {isa = PBXFileReference; fileEncoding = 4; lastKnownFileType = text; path = txt.txt; sourceTree = "<group>"; };
		6C2DCEAC1E93E03A00302F68 /* RXSharkPlayerController.swift */ = {isa = PBXFileReference; fileEncoding = 4; lastKnownFileType = sourcecode.swift; path = RXSharkPlayerController.swift; sourceTree = "<group>"; };
		6C2E96E41E8BD9FA0008967A /* Base */ = {isa = PBXFileReference; lastKnownFileType = file.storyboard; name = Base; path = Base.lproj/LaunchScreen.storyboard; sourceTree = "<group>"; };
		6C2E96E61E8BD9FA0008967A /* Base */ = {isa = PBXFileReference; lastKnownFileType = file.storyboard; name = Base; path = Base.lproj/Main.storyboard; sourceTree = "<group>"; };
		6C2E96EB1E8BDA580008967A /* RXBaseNavViewController.swift */ = {isa = PBXFileReference; fileEncoding = 4; lastKnownFileType = sourcecode.swift; path = RXBaseNavViewController.swift; sourceTree = "<group>"; };
		6C2E96EC1E8BDA580008967A /* RXBaseViewController.swift */ = {isa = PBXFileReference; fileEncoding = 4; lastKnownFileType = sourcecode.swift; path = RXBaseViewController.swift; sourceTree = "<group>"; };
		6C2E96ED1E8BDA580008967A /* RXTabBarViewController.swift */ = {isa = PBXFileReference; fileEncoding = 4; lastKnownFileType = sourcecode.swift; path = RXTabBarViewController.swift; sourceTree = "<group>"; };
		6C2E96EF1E8BDA580008967A /* RXModel.swift */ = {isa = PBXFileReference; fileEncoding = 4; lastKnownFileType = sourcecode.swift; path = RXModel.swift; sourceTree = "<group>"; };
		6C2E96F01E8BDA580008967A /* RXTabBarModel.swift */ = {isa = PBXFileReference; fileEncoding = 4; lastKnownFileType = sourcecode.swift; path = RXTabBarModel.swift; sourceTree = "<group>"; };
		6C2E96F21E8BDA580008967A /* RXTabBarItem.swift */ = {isa = PBXFileReference; fileEncoding = 4; lastKnownFileType = sourcecode.swift; path = RXTabBarItem.swift; sourceTree = "<group>"; };
		6C2E96F31E8BDA580008967A /* RXTabBarView.swift */ = {isa = PBXFileReference; fileEncoding = 4; lastKnownFileType = sourcecode.swift; path = RXTabBarView.swift; sourceTree = "<group>"; };
		6C2E96F81E8BDA580008967A /* RXHomeViewController.swift */ = {isa = PBXFileReference; fileEncoding = 4; lastKnownFileType = sourcecode.swift; path = RXHomeViewController.swift; sourceTree = "<group>"; };
		6C2E97021E8BDA580008967A /* RXProfileViewController.swift */ = {isa = PBXFileReference; fileEncoding = 4; lastKnownFileType = sourcecode.swift; path = RXProfileViewController.swift; sourceTree = "<group>"; };
		6C2E97051E8BDA580008967A /* txt.txt */ = {isa = PBXFileReference; fileEncoding = 4; lastKnownFileType = text; path = txt.txt; sourceTree = "<group>"; };
		6C2E97071E8BDA580008967A /* txt.txt */ = {isa = PBXFileReference; fileEncoding = 4; lastKnownFileType = text; path = txt.txt; sourceTree = "<group>"; };
		6C2E97091E8BDA580008967A /* txt.txt */ = {isa = PBXFileReference; fileEncoding = 4; lastKnownFileType = text; path = txt.txt; sourceTree = "<group>"; };
		6C2E970C1E8BDA580008967A /* RXShopCartViewController.swift */ = {isa = PBXFileReference; fileEncoding = 4; lastKnownFileType = sourcecode.swift; path = RXShopCartViewController.swift; sourceTree = "<group>"; };
		6C2E970F1E8BDA580008967A /* txt.txt */ = {isa = PBXFileReference; fileEncoding = 4; lastKnownFileType = text; path = txt.txt; sourceTree = "<group>"; };
		6C2E97111E8BDA580008967A /* txt.txt */ = {isa = PBXFileReference; fileEncoding = 4; lastKnownFileType = text; path = txt.txt; sourceTree = "<group>"; };
		6C2E97131E8BDA580008967A /* txt.txt */ = {isa = PBXFileReference; fileEncoding = 4; lastKnownFileType = text; path = txt.txt; sourceTree = "<group>"; };
		6C2E97161E8BDA580008967A /* RXStrollViewController.swift */ = {isa = PBXFileReference; fileEncoding = 4; lastKnownFileType = sourcecode.swift; path = RXStrollViewController.swift; sourceTree = "<group>"; };
		6C2E97191E8BDA580008967A /* txt.txt */ = {isa = PBXFileReference; fileEncoding = 4; lastKnownFileType = text; path = txt.txt; sourceTree = "<group>"; };
		6C2E971B1E8BDA580008967A /* txt.txt */ = {isa = PBXFileReference; fileEncoding = 4; lastKnownFileType = text; path = txt.txt; sourceTree = "<group>"; };
		6C2E971D1E8BDA580008967A /* txt.txt */ = {isa = PBXFileReference; fileEncoding = 4; lastKnownFileType = text; path = txt.txt; sourceTree = "<group>"; };
		6C2E971F1E8BDA580008967A /* txt.txt */ = {isa = PBXFileReference; fileEncoding = 4; lastKnownFileType = text; path = txt.txt; sourceTree = "<group>"; };
		6C2E97221E8BDA580008967A /* NSDate-Extension.swift */ = {isa = PBXFileReference; fileEncoding = 4; lastKnownFileType = sourcecode.swift; path = "NSDate-Extension.swift"; sourceTree = "<group>"; };
		6C2E97231E8BDA580008967A /* UIBarButtonItem-Extension.swift */ = {isa = PBXFileReference; fileEncoding = 4; lastKnownFileType = sourcecode.swift; path = "UIBarButtonItem-Extension.swift"; sourceTree = "<group>"; };
		6C2E97241E8BDA580008967A /* UIColor-Extension.swift */ = {isa = PBXFileReference; fileEncoding = 4; lastKnownFileType = sourcecode.swift; path = "UIColor-Extension.swift"; sourceTree = "<group>"; };
		6C2E97251E8BDA580008967A /* RXConstant.swift */ = {isa = PBXFileReference; fileEncoding = 4; lastKnownFileType = sourcecode.swift; path = RXConstant.swift; sourceTree = "<group>"; };
		6C2E97261E8BDA580008967A /* RXPublicSetting.swift */ = {isa = PBXFileReference; fileEncoding = 4; lastKnownFileType = sourcecode.swift; path = RXPublicSetting.swift; sourceTree = "<group>"; };
		6C2E97271E8BDA580008967A /* RXNetworkTools.swift */ = {isa = PBXFileReference; fileEncoding = 4; lastKnownFileType = sourcecode.swift; path = RXNetworkTools.swift; sourceTree = "<group>"; };
		6C8400031E9221190055C5DA /* RXSkillModel.swift */ = {isa = PBXFileReference; fileEncoding = 4; lastKnownFileType = sourcecode.swift; path = RXSkillModel.swift; sourceTree = "<group>"; };
		6C8400051E9240A90055C5DA /* RXIndexTVModel.swift */ = {isa = PBXFileReference; fileEncoding = 4; lastKnownFileType = sourcecode.swift; path = RXIndexTVModel.swift; sourceTree = "<group>"; };
		6C8400071E924E960055C5DA /* RXHomeIndexTVCell.swift */ = {isa = PBXFileReference; fileEncoding = 4; lastKnownFileType = sourcecode.swift; path = RXHomeIndexTVCell.swift; sourceTree = "<group>"; };
		6CA09F991E8C9F3600C3736B /* RXHomeMarketingCell.swift */ = {isa = PBXFileReference; fileEncoding = 4; lastKnownFileType = sourcecode.swift; path = RXHomeMarketingCell.swift; sourceTree = "<group>"; };
		6CA09F9B1E8CBDC300C3736B /* RXImageScroller.swift */ = {isa = PBXFileReference; fileEncoding = 4; lastKnownFileType = sourcecode.swift; path = RXImageScroller.swift; sourceTree = "<group>"; };
		6CA09F9D1E8CDBF800C3736B /* RXImageScrollModel.swift */ = {isa = PBXFileReference; fileEncoding = 4; lastKnownFileType = sourcecode.swift; path = RXImageScrollModel.swift; sourceTree = "<group>"; };
		6CA32D581E915935003869CF /* RXPrintInterface.swift */ = {isa = PBXFileReference; fileEncoding = 4; lastKnownFileType = sourcecode.swift; path = RXPrintInterface.swift; sourceTree = "<group>"; };
		6CE6CC401E90A1620001EB74 /* RXPushTypeController.swift */ = {isa = PBXFileReference; fileEncoding = 4; lastKnownFileType = sourcecode.swift; path = RXPushTypeController.swift; sourceTree = "<group>"; };
		6CE6CC421E90FBA20001EB74 /* RXHomeBuyerPlayerCell.swift */ = {isa = PBXFileReference; fileEncoding = 4; lastKnownFileType = sourcecode.swift; path = RXHomeBuyerPlayerCell.swift; sourceTree = "<group>"; };
		6CE6CC441E9100300001EB74 /* RXHomeIconModel.swift */ = {isa = PBXFileReference; fileEncoding = 4; lastKnownFileType = sourcecode.swift; path = RXHomeIconModel.swift; sourceTree = "<group>"; };
		6CE6CC461E9112A50001EB74 /* RXHomeGifAdCell.swift */ = {isa = PBXFileReference; fileEncoding = 4; lastKnownFileType = sourcecode.swift; path = RXHomeGifAdCell.swift; sourceTree = "<group>"; };
		6CFBC3171E8E2D61000308D6 /* RXHomeImageScrollViewModel.swift */ = {isa = PBXFileReference; fileEncoding = 4; lastKnownFileType = sourcecode.swift; path = RXHomeImageScrollViewModel.swift; sourceTree = "<group>"; };
		7C7CC9C8A64083D62326A277 /* Pods-RXSwiftExtention.debug.xcconfig */ = {isa = PBXFileReference; includeInIndex = 1; lastKnownFileType = text.xcconfig; name = "Pods-RXSwiftExtention.debug.xcconfig"; path = "Pods/Target Support Files/Pods-RXSwiftExtention/Pods-RXSwiftExtention.debug.xcconfig"; sourceTree = "<group>"; };
/* End PBXFileReference section */

/* Begin PBXFrameworksBuildPhase section */
		6C15282F1E865AB30086D4D5 /* Frameworks */ = {
			isa = PBXFrameworksBuildPhase;
			buildActionMask = 2147483647;
			files = (
				6D8A506E9A4EFDEF998AAA69 /* Pods_RXSwiftExtention.framework in Frameworks */,
			);
			runOnlyForDeploymentPostprocessing = 0;
		};
/* End PBXFrameworksBuildPhase section */

/* Begin PBXGroup section */
		6C1528291E865AB30086D4D5 = {
			isa = PBXGroup;
			children = (
				6C1528341E865AB30086D4D5 /* RXSwiftExtention */,
				6C1528331E865AB30086D4D5 /* Products */,
				FB6B8DB0DB2832EA3D0F493A /* Pods */,
				7856528F8FA2902648114845 /* Frameworks */,
			);
			sourceTree = "<group>";
		};
		6C1528331E865AB30086D4D5 /* Products */ = {
			isa = PBXGroup;
			children = (
				6C1528321E865AB30086D4D5 /* RXSwiftExtention.app */,
			);
			name = Products;
			sourceTree = "<group>";
		};
		6C1528341E865AB30086D4D5 /* RXSwiftExtention */ = {
			isa = PBXGroup;
			children = (
				6C2E96E91E8BDA580008967A /* BaseController */,
				6C2E96F61E8BDA580008967A /* Home */,
				6C2E97001E8BDA580008967A /* ProFile */,
				6C2E970A1E8BDA580008967A /* ShopCart */,
				6C2E97141E8BDA580008967A /* Stroll */,
				6C2DCEA11E93E01500302F68 /* SharkPlayer */,
				6C2E971E1E8BDA580008967A /* Third */,
				6C2E97201E8BDA580008967A /* Tools */,
				6C2E96E31E8BD9FA0008967A /* LaunchScreen.storyboard */,
				6C2E96E51E8BD9FA0008967A /* Main.storyboard */,
				6C1528351E865AB30086D4D5 /* AppDelegate.swift */,
				6C1528371E865AB30086D4D5 /* ViewController.swift */,
				6C15283C1E865AB30086D4D5 /* Assets.xcassets */,
				6C1528411E865AB30086D4D5 /* Info.plist */,
			);
			path = RXSwiftExtention;
			sourceTree = "<group>";
		};
		6C2DCEA11E93E01500302F68 /* SharkPlayer */ = {
			isa = PBXGroup;
			children = (
				6C2DCEA21E93E01500302F68 /* Controller */,
				6C2DCEA31E93E01500302F68 /* Model */,
				6C2DCEA51E93E01600302F68 /* View */,
				6C2DCEA71E93E01600302F68 /* ViewModel */,
			);
			path = SharkPlayer;
			sourceTree = "<group>";
		};
		6C2DCEA21E93E01500302F68 /* Controller */ = {
			isa = PBXGroup;
			children = (
				6C2DCEAC1E93E03A00302F68 /* RXSharkPlayerController.swift */,
			);
			path = Controller;
			sourceTree = "<group>";
		};
		6C2DCEA31E93E01500302F68 /* Model */ = {
			isa = PBXGroup;
			children = (
				6C2DCEA41E93E01500302F68 /* txt.txt */,
			);
			path = Model;
			sourceTree = "<group>";
		};
		6C2DCEA51E93E01600302F68 /* View */ = {
			isa = PBXGroup;
			children = (
				6C2DCEA61E93E01600302F68 /* txt.txt */,
			);
			path = View;
			sourceTree = "<group>";
		};
		6C2DCEA71E93E01600302F68 /* ViewModel */ = {
			isa = PBXGroup;
			children = (
				6C2DCEA81E93E01600302F68 /* txt.txt */,
			);
			path = ViewModel;
			sourceTree = "<group>";
		};
		6C2E96E91E8BDA580008967A /* BaseController */ = {
			isa = PBXGroup;
			children = (
				6C2E96EA1E8BDA580008967A /* Controller */,
				6C2E96EE1E8BDA580008967A /* Model */,
				6C2E96F11E8BDA580008967A /* View */,
				6C2E96F41E8BDA580008967A /* ViewModel */,
			);
			path = BaseController;
			sourceTree = "<group>";
		};
		6C2E96EA1E8BDA580008967A /* Controller */ = {
			isa = PBXGroup;
			children = (
				6C2E96EB1E8BDA580008967A /* RXBaseNavViewController.swift */,
				6C2E96EC1E8BDA580008967A /* RXBaseViewController.swift */,
				6C2E96ED1E8BDA580008967A /* RXTabBarViewController.swift */,
			);
			path = Controller;
			sourceTree = "<group>";
		};
		6C2E96EE1E8BDA580008967A /* Model */ = {
			isa = PBXGroup;
			children = (
				6C2E96EF1E8BDA580008967A /* RXModel.swift */,
				6C2E96F01E8BDA580008967A /* RXTabBarModel.swift */,
			);
			path = Model;
			sourceTree = "<group>";
		};
		6C2E96F11E8BDA580008967A /* View */ = {
			isa = PBXGroup;
			children = (
				6C2E96F31E8BDA580008967A /* RXTabBarView.swift */,
				6C2E96F21E8BDA580008967A /* RXTabBarItem.swift */,
				6CA09F9B1E8CBDC300C3736B /* RXImageScroller.swift */,
			);
			path = View;
			sourceTree = "<group>";
		};
		6C2E96F41E8BDA580008967A /* ViewModel */ = {
			isa = PBXGroup;
			children = (
				6C1C4C031E8BE964009CB2CB /* RXTabBarDownloadImage.swift */,
				6CE6CC401E90A1620001EB74 /* RXPushTypeController.swift */,
			);
			path = ViewModel;
			sourceTree = "<group>";
		};
		6C2E96F61E8BDA580008967A /* Home */ = {
			isa = PBXGroup;
			children = (
				6C2E96F71E8BDA580008967A /* Controller */,
				6C2E96FA1E8BDA580008967A /* Model */,
				6C2E96FC1E8BDA580008967A /* View */,
				6C2E96FE1E8BDA580008967A /* ViewModel */,
			);
			path = Home;
			sourceTree = "<group>";
		};
		6C2E96F71E8BDA580008967A /* Controller */ = {
			isa = PBXGroup;
			children = (
				6C2E96F81E8BDA580008967A /* RXHomeViewController.swift */,
			);
			path = Controller;
			sourceTree = "<group>";
		};
		6C2E96FA1E8BDA580008967A /* Model */ = {
			isa = PBXGroup;
			children = (
				6CA09F9D1E8CDBF800C3736B /* RXImageScrollModel.swift */,
				6CE6CC441E9100300001EB74 /* RXHomeIconModel.swift */,
				6C8400031E9221190055C5DA /* RXSkillModel.swift */,
				6C8400051E9240A90055C5DA /* RXIndexTVModel.swift */,
			);
			path = Model;
			sourceTree = "<group>";
		};
		6C2E96FC1E8BDA580008967A /* View */ = {
			isa = PBXGroup;
			children = (
				6CE6CC461E9112A50001EB74 /* RXHomeGifAdCell.swift */,
				6CA09F991E8C9F3600C3736B /* RXHomeMarketingCell.swift */,
				6CE6CC421E90FBA20001EB74 /* RXHomeBuyerPlayerCell.swift */,
				6C8400071E924E960055C5DA /* RXHomeIndexTVCell.swift */,
			);
			path = View;
			sourceTree = "<group>";
		};
		6C2E96FE1E8BDA580008967A /* ViewModel */ = {
			isa = PBXGroup;
			children = (
				6CFBC3171E8E2D61000308D6 /* RXHomeImageScrollViewModel.swift */,
			);
			path = ViewModel;
			sourceTree = "<group>";
		};
		6C2E97001E8BDA580008967A /* ProFile */ = {
			isa = PBXGroup;
			children = (
				6C2E97011E8BDA580008967A /* Controller */,
				6C2E97041E8BDA580008967A /* Model */,
				6C2E97061E8BDA580008967A /* View */,
				6C2E97081E8BDA580008967A /* ViewModel */,
			);
			path = ProFile;
			sourceTree = "<group>";
		};
		6C2E97011E8BDA580008967A /* Controller */ = {
			isa = PBXGroup;
			children = (
				6C2E97021E8BDA580008967A /* RXProfileViewController.swift */,
			);
			path = Controller;
			sourceTree = "<group>";
		};
		6C2E97041E8BDA580008967A /* Model */ = {
			isa = PBXGroup;
			children = (
				6C2E97051E8BDA580008967A /* txt.txt */,
			);
			path = Model;
			sourceTree = "<group>";
		};
		6C2E97061E8BDA580008967A /* View */ = {
			isa = PBXGroup;
			children = (
				6C2E97071E8BDA580008967A /* txt.txt */,
			);
			path = View;
			sourceTree = "<group>";
		};
		6C2E97081E8BDA580008967A /* ViewModel */ = {
			isa = PBXGroup;
			children = (
				6C2E97091E8BDA580008967A /* txt.txt */,
			);
			path = ViewModel;
			sourceTree = "<group>";
		};
		6C2E970A1E8BDA580008967A /* ShopCart */ = {
			isa = PBXGroup;
			children = (
				6C2E970B1E8BDA580008967A /* Controller */,
				6C2E970E1E8BDA580008967A /* Model */,
				6C2E97101E8BDA580008967A /* View */,
				6C2E97121E8BDA580008967A /* ViewModel */,
			);
			path = ShopCart;
			sourceTree = "<group>";
		};
		6C2E970B1E8BDA580008967A /* Controller */ = {
			isa = PBXGroup;
			children = (
				6C2E970C1E8BDA580008967A /* RXShopCartViewController.swift */,
			);
			path = Controller;
			sourceTree = "<group>";
		};
		6C2E970E1E8BDA580008967A /* Model */ = {
			isa = PBXGroup;
			children = (
				6C2E970F1E8BDA580008967A /* txt.txt */,
			);
			path = Model;
			sourceTree = "<group>";
		};
		6C2E97101E8BDA580008967A /* View */ = {
			isa = PBXGroup;
			children = (
				6C2E97111E8BDA580008967A /* txt.txt */,
			);
			path = View;
			sourceTree = "<group>";
		};
		6C2E97121E8BDA580008967A /* ViewModel */ = {
			isa = PBXGroup;
			children = (
				6C2E97131E8BDA580008967A /* txt.txt */,
			);
			path = ViewModel;
			sourceTree = "<group>";
		};
		6C2E97141E8BDA580008967A /* Stroll */ = {
			isa = PBXGroup;
			children = (
				6C2E97151E8BDA580008967A /* Controller */,
				6C2E97181E8BDA580008967A /* Model */,
				6C2E971A1E8BDA580008967A /* View */,
				6C2E971C1E8BDA580008967A /* ViewModel */,
			);
			path = Stroll;
			sourceTree = "<group>";
		};
		6C2E97151E8BDA580008967A /* Controller */ = {
			isa = PBXGroup;
			children = (
				6C2E97161E8BDA580008967A /* RXStrollViewController.swift */,
			);
			path = Controller;
			sourceTree = "<group>";
		};
		6C2E97181E8BDA580008967A /* Model */ = {
			isa = PBXGroup;
			children = (
				6C2E97191E8BDA580008967A /* txt.txt */,
			);
			path = Model;
			sourceTree = "<group>";
		};
		6C2E971A1E8BDA580008967A /* View */ = {
			isa = PBXGroup;
			children = (
				6C2E971B1E8BDA580008967A /* txt.txt */,
			);
			path = View;
			sourceTree = "<group>";
		};
		6C2E971C1E8BDA580008967A /* ViewModel */ = {
			isa = PBXGroup;
			children = (
				6C2E971D1E8BDA580008967A /* txt.txt */,
			);
			path = ViewModel;
			sourceTree = "<group>";
		};
		6C2E971E1E8BDA580008967A /* Third */ = {
			isa = PBXGroup;
			children = (
				6C2E971F1E8BDA580008967A /* txt.txt */,
			);
			path = Third;
			sourceTree = "<group>";
		};
		6C2E97201E8BDA580008967A /* Tools */ = {
			isa = PBXGroup;
			children = (
				6C2E97211E8BDA580008967A /* Extention */,
				6C2E97251E8BDA580008967A /* RXConstant.swift */,
				6C2E97261E8BDA580008967A /* RXPublicSetting.swift */,
				6C2E97271E8BDA580008967A /* RXNetworkTools.swift */,
				6CA32D581E915935003869CF /* RXPrintInterface.swift */,
			);
			path = Tools;
			sourceTree = "<group>";
		};
		6C2E97211E8BDA580008967A /* Extention */ = {
			isa = PBXGroup;
			children = (
				6C2E97221E8BDA580008967A /* NSDate-Extension.swift */,
				6C2E97231E8BDA580008967A /* UIBarButtonItem-Extension.swift */,
				6C2E97241E8BDA580008967A /* UIColor-Extension.swift */,
			);
			path = Extention;
			sourceTree = "<group>";
		};
		7856528F8FA2902648114845 /* Frameworks */ = {
			isa = PBXGroup;
			children = (
				158AFC8FB07982EB31B93E8C /* Pods_RXSwiftExtention.framework */,
			);
			name = Frameworks;
			sourceTree = "<group>";
		};
		FB6B8DB0DB2832EA3D0F493A /* Pods */ = {
			isa = PBXGroup;
			children = (
				7C7CC9C8A64083D62326A277 /* Pods-RXSwiftExtention.debug.xcconfig */,
				16F978C69749D89859E3AD5F /* Pods-RXSwiftExtention.release.xcconfig */,
			);
			name = Pods;
			sourceTree = "<group>";
		};
/* End PBXGroup section */

/* Begin PBXNativeTarget section */
		6C1528311E865AB30086D4D5 /* RXSwiftExtention */ = {
			isa = PBXNativeTarget;
			buildConfigurationList = 6C1528441E865AB30086D4D5 /* Build configuration list for PBXNativeTarget "RXSwiftExtention" */;
			buildPhases = (
				C4D7DA27875F1BC374F69206 /* [CP] Check Pods Manifest.lock */,
				6C15282E1E865AB30086D4D5 /* Sources */,
				6C15282F1E865AB30086D4D5 /* Frameworks */,
				6C1528301E865AB30086D4D5 /* Resources */,
				EE7C70078862121591949EBB /* [CP] Embed Pods Frameworks */,
				4C2000BF5BAE697AB0061762 /* [CP] Copy Pods Resources */,
			);
			buildRules = (
			);
			dependencies = (
			);
			name = RXSwiftExtention;
			productName = RXSwiftExtention;
			productReference = 6C1528321E865AB30086D4D5 /* RXSwiftExtention.app */;
			productType = "com.apple.product-type.application";
		};
/* End PBXNativeTarget section */

/* Begin PBXProject section */
		6C15282A1E865AB30086D4D5 /* Project object */ = {
			isa = PBXProject;
			attributes = {
				CLASSPREFIX = RX;
				LastSwiftUpdateCheck = 0820;
				LastUpgradeCheck = 0820;
				ORGANIZATIONNAME = "https://github.com/srxboys";
				TargetAttributes = {
					6C1528311E865AB30086D4D5 = {
						CreatedOnToolsVersion = 8.2.1;
						DevelopmentTeam = VXB732ZTGU;
						ProvisioningStyle = Automatic;
					};
				};
			};
			buildConfigurationList = 6C15282D1E865AB30086D4D5 /* Build configuration list for PBXProject "RXSwiftExtention" */;
			compatibilityVersion = "Xcode 3.2";
			developmentRegion = English;
			hasScannedForEncodings = 0;
			knownRegions = (
				en,
				Base,
			);
			mainGroup = 6C1528291E865AB30086D4D5;
			productRefGroup = 6C1528331E865AB30086D4D5 /* Products */;
			projectDirPath = "";
			projectRoot = "";
			targets = (
				6C1528311E865AB30086D4D5 /* RXSwiftExtention */,
			);
		};
/* End PBXProject section */

/* Begin PBXResourcesBuildPhase section */
		6C1528301E865AB30086D4D5 /* Resources */ = {
			isa = PBXResourcesBuildPhase;
			buildActionMask = 2147483647;
			files = (
				6C2E96E81E8BD9FA0008967A /* Main.storyboard in Resources */,
				6C2DCEA91E93E01600302F68 /* txt.txt in Resources */,
				6C2DCEAA1E93E01600302F68 /* txt.txt in Resources */,
				6C2DCEAB1E93E01600302F68 /* txt.txt in Resources */,
				6C15283D1E865AB30086D4D5 /* Assets.xcassets in Resources */,
				6C2E96E71E8BD9FA0008967A /* LaunchScreen.storyboard in Resources */,
			);
			runOnlyForDeploymentPostprocessing = 0;
		};
/* End PBXResourcesBuildPhase section */

/* Begin PBXShellScriptBuildPhase section */
		4C2000BF5BAE697AB0061762 /* [CP] Copy Pods Resources */ = {
			isa = PBXShellScriptBuildPhase;
			buildActionMask = 2147483647;
			files = (
			);
			inputPaths = (
			);
			name = "[CP] Copy Pods Resources";
			outputPaths = (
			);
			runOnlyForDeploymentPostprocessing = 0;
			shellPath = /bin/sh;
			shellScript = "\"${SRCROOT}/Pods/Target Support Files/Pods-RXSwiftExtention/Pods-RXSwiftExtention-resources.sh\"\n";
			showEnvVarsInLog = 0;
		};
		C4D7DA27875F1BC374F69206 /* [CP] Check Pods Manifest.lock */ = {
			isa = PBXShellScriptBuildPhase;
			buildActionMask = 2147483647;
			files = (
			);
			inputPaths = (
			);
			name = "[CP] Check Pods Manifest.lock";
			outputPaths = (
			);
			runOnlyForDeploymentPostprocessing = 0;
			shellPath = /bin/sh;
			shellScript = "diff \"${PODS_PODFILE_DIR_PATH}/Podfile.lock\" \"${PODS_ROOT}/Manifest.lock\" > /dev/null\nif [ $? != 0 ] ; then\n    # print error to STDERR\n    echo \"error: The sandbox is not in sync with the Podfile.lock. Run 'pod install' or update your CocoaPods installation.\" >&2\n    exit 1\nfi\n";
			showEnvVarsInLog = 0;
		};
		EE7C70078862121591949EBB /* [CP] Embed Pods Frameworks */ = {
			isa = PBXShellScriptBuildPhase;
			buildActionMask = 2147483647;
			files = (
			);
			inputPaths = (
			);
			name = "[CP] Embed Pods Frameworks";
			outputPaths = (
			);
			runOnlyForDeploymentPostprocessing = 0;
			shellPath = /bin/sh;
			shellScript = "\"${SRCROOT}/Pods/Target Support Files/Pods-RXSwiftExtention/Pods-RXSwiftExtention-frameworks.sh\"\n";
			showEnvVarsInLog = 0;
		};
/* End PBXShellScriptBuildPhase section */

/* Begin PBXSourcesBuildPhase section */
		6C15282E1E865AB30086D4D5 /* Sources */ = {
			isa = PBXSourcesBuildPhase;
			buildActionMask = 2147483647;
			files = (
				6CE6CC451E9100300001EB74 /* RXHomeIconModel.swift in Sources */,
				6CFBC3181E8E2D61000308D6 /* RXHomeImageScrollViewModel.swift in Sources */,
				6C2E97381E8BDA580008967A /* RXProfileViewController.swift in Sources */,
				6C2E972E1E8BDA580008967A /* RXModel.swift in Sources */,
				6C1528381E865AB30086D4D5 /* ViewController.swift in Sources */,
				6CE6CC431E90FBA20001EB74 /* RXHomeBuyerPlayerCell.swift in Sources */,
				6CA09F9C1E8CBDC300C3736B /* RXImageScroller.swift in Sources */,
				6C8400081E924E960055C5DA /* RXHomeIndexTVCell.swift in Sources */,
				6C2E972B1E8BDA580008967A /* RXBaseNavViewController.swift in Sources */,
				6C8400061E9240A90055C5DA /* RXIndexTVModel.swift in Sources */,
				6C2E974B1E8BDA580008967A /* RXConstant.swift in Sources */,
				6C2E974D1E8BDA580008967A /* RXNetworkTools.swift in Sources */,
				6CA09F9A1E8C9F3600C3736B /* RXHomeMarketingCell.swift in Sources */,
				6C2E97301E8BDA580008967A /* RXTabBarItem.swift in Sources */,
				6C2E97491E8BDA580008967A /* UIBarButtonItem-Extension.swift in Sources */,
				6C2E972C1E8BDA580008967A /* RXBaseViewController.swift in Sources */,
				6CA32D591E915935003869CF /* RXPrintInterface.swift in Sources */,
				6C2E974C1E8BDA580008967A /* RXPublicSetting.swift in Sources */,
				6C2E972D1E8BDA580008967A /* RXTabBarViewController.swift in Sources */,
				6C2E973D1E8BDA580008967A /* RXShopCartViewController.swift in Sources */,
				6C2E974A1E8BDA580008967A /* UIColor-Extension.swift in Sources */,
				6C8400041E9221190055C5DA /* RXSkillModel.swift in Sources */,
				6C2E97331E8BDA580008967A /* RXHomeViewController.swift in Sources */,
				6C2E972F1E8BDA580008967A /* RXTabBarModel.swift in Sources */,
				6C2DCEAD1E93E03A00302F68 /* RXSharkPlayerController.swift in Sources */,
				6C1C4C041E8BE964009CB2CB /* RXTabBarDownloadImage.swift in Sources */,
				6CA09F9E1E8CDBF800C3736B /* RXImageScrollModel.swift in Sources */,
				6C2E97481E8BDA580008967A /* NSDate-Extension.swift in Sources */,
				6C1528361E865AB30086D4D5 /* AppDelegate.swift in Sources */,
				6CE6CC411E90A1620001EB74 /* RXPushTypeController.swift in Sources */,
				6C2E97421E8BDA580008967A /* RXStrollViewController.swift in Sources */,
				6CE6CC471E9112A50001EB74 /* RXHomeGifAdCell.swift in Sources */,
				6C2E97311E8BDA580008967A /* RXTabBarView.swift in Sources */,
			);
			runOnlyForDeploymentPostprocessing = 0;
		};
/* End PBXSourcesBuildPhase section */

/* Begin PBXVariantGroup section */
		6C2E96E31E8BD9FA0008967A /* LaunchScreen.storyboard */ = {
			isa = PBXVariantGroup;
			children = (
				6C2E96E41E8BD9FA0008967A /* Base */,
			);
			name = LaunchScreen.storyboard;
			sourceTree = "<group>";
		};
		6C2E96E51E8BD9FA0008967A /* Main.storyboard */ = {
			isa = PBXVariantGroup;
			children = (
				6C2E96E61E8BD9FA0008967A /* Base */,
			);
			name = Main.storyboard;
			sourceTree = "<group>";
		};
/* End PBXVariantGroup section */

/* Begin XCBuildConfiguration section */
		6C1528421E865AB30086D4D5 /* Debug */ = {
			isa = XCBuildConfiguration;
			buildSettings = {
				ALWAYS_SEARCH_USER_PATHS = NO;
				CLANG_ANALYZER_NONNULL = YES;
				CLANG_CXX_LANGUAGE_STANDARD = "gnu++0x";
				CLANG_CXX_LIBRARY = "libc++";
				CLANG_ENABLE_MODULES = YES;
				CLANG_ENABLE_OBJC_ARC = YES;
				CLANG_WARN_BOOL_CONVERSION = YES;
				CLANG_WARN_CONSTANT_CONVERSION = YES;
				CLANG_WARN_DIRECT_OBJC_ISA_USAGE = YES_ERROR;
				CLANG_WARN_DOCUMENTATION_COMMENTS = YES;
				CLANG_WARN_EMPTY_BODY = YES;
				CLANG_WARN_ENUM_CONVERSION = YES;
				CLANG_WARN_INFINITE_RECURSION = YES;
				CLANG_WARN_INT_CONVERSION = YES;
				CLANG_WARN_OBJC_ROOT_CLASS = YES_ERROR;
				CLANG_WARN_SUSPICIOUS_MOVE = YES;
				CLANG_WARN_UNREACHABLE_CODE = YES;
				CLANG_WARN__DUPLICATE_METHOD_MATCH = YES;
				"CODE_SIGN_IDENTITY[sdk=iphoneos*]" = "iPhone Developer";
				COPY_PHASE_STRIP = NO;
				DEBUG_INFORMATION_FORMAT = dwarf;
				ENABLE_STRICT_OBJC_MSGSEND = YES;
				ENABLE_TESTABILITY = YES;
				GCC_C_LANGUAGE_STANDARD = gnu99;
				GCC_DYNAMIC_NO_PIC = NO;
				GCC_NO_COMMON_BLOCKS = YES;
				GCC_OPTIMIZATION_LEVEL = 0;
				GCC_PREPROCESSOR_DEFINITIONS = (
					"DEBUG=1",
					"$(inherited)",
				);
				GCC_WARN_64_TO_32_BIT_CONVERSION = YES;
				GCC_WARN_ABOUT_RETURN_TYPE = YES_ERROR;
				GCC_WARN_UNDECLARED_SELECTOR = YES;
				GCC_WARN_UNINITIALIZED_AUTOS = YES_AGGRESSIVE;
				GCC_WARN_UNUSED_FUNCTION = YES;
				GCC_WARN_UNUSED_VARIABLE = YES;
				IPHONEOS_DEPLOYMENT_TARGET = 10.2;
				MTL_ENABLE_DEBUG_INFO = YES;
				ONLY_ACTIVE_ARCH = YES;
				SDKROOT = iphoneos;
				SWIFT_ACTIVE_COMPILATION_CONDITIONS = DEBUG;
				SWIFT_OPTIMIZATION_LEVEL = "-Onone";
			};
			name = Debug;
		};
		6C1528431E865AB30086D4D5 /* Release */ = {
			isa = XCBuildConfiguration;
			buildSettings = {
				ALWAYS_SEARCH_USER_PATHS = NO;
				CLANG_ANALYZER_NONNULL = YES;
				CLANG_CXX_LANGUAGE_STANDARD = "gnu++0x";
				CLANG_CXX_LIBRARY = "libc++";
				CLANG_ENABLE_MODULES = YES;
				CLANG_ENABLE_OBJC_ARC = YES;
				CLANG_WARN_BOOL_CONVERSION = YES;
				CLANG_WARN_CONSTANT_CONVERSION = YES;
				CLANG_WARN_DIRECT_OBJC_ISA_USAGE = YES_ERROR;
				CLANG_WARN_DOCUMENTATION_COMMENTS = YES;
				CLANG_WARN_EMPTY_BODY = YES;
				CLANG_WARN_ENUM_CONVERSION = YES;
				CLANG_WARN_INFINITE_RECURSION = YES;
				CLANG_WARN_INT_CONVERSION = YES;
				CLANG_WARN_OBJC_ROOT_CLASS = YES_ERROR;
				CLANG_WARN_SUSPICIOUS_MOVE = YES;
				CLANG_WARN_UNREACHABLE_CODE = YES;
				CLANG_WARN__DUPLICATE_METHOD_MATCH = YES;
				"CODE_SIGN_IDENTITY[sdk=iphoneos*]" = "iPhone Developer";
				COPY_PHASE_STRIP = NO;
				DEBUG_INFORMATION_FORMAT = "dwarf-with-dsym";
				ENABLE_NS_ASSERTIONS = NO;
				ENABLE_STRICT_OBJC_MSGSEND = YES;
				GCC_C_LANGUAGE_STANDARD = gnu99;
				GCC_NO_COMMON_BLOCKS = YES;
				GCC_WARN_64_TO_32_BIT_CONVERSION = YES;
				GCC_WARN_ABOUT_RETURN_TYPE = YES_ERROR;
				GCC_WARN_UNDECLARED_SELECTOR = YES;
				GCC_WARN_UNINITIALIZED_AUTOS = YES_AGGRESSIVE;
				GCC_WARN_UNUSED_FUNCTION = YES;
				GCC_WARN_UNUSED_VARIABLE = YES;
				IPHONEOS_DEPLOYMENT_TARGET = 10.2;
				MTL_ENABLE_DEBUG_INFO = NO;
				SDKROOT = iphoneos;
				SWIFT_OPTIMIZATION_LEVEL = "-Owholemodule";
				VALIDATE_PRODUCT = YES;
			};
			name = Release;
		};
		6C1528451E865AB30086D4D5 /* Debug */ = {
			isa = XCBuildConfiguration;
			baseConfigurationReference = 7C7CC9C8A64083D62326A277 /* Pods-RXSwiftExtention.debug.xcconfig */;
			buildSettings = {
				ASSETCATALOG_COMPILER_APPICON_NAME = AppIcon;
				DEVELOPMENT_TEAM = VXB732ZTGU;
				INFOPLIST_FILE = RXSwiftExtention/Info.plist;
				IPHONEOS_DEPLOYMENT_TARGET = 9.0;
				LD_RUNPATH_SEARCH_PATHS = "$(inherited) @executable_path/Frameworks";
				OTHER_SWIFT_FLAGS = "\"-D\" \"COCOAPODS\" -D DEBUG";
				PRODUCT_BUNDLE_IDENTIFIER = RX.RXSwiftExtention;
				PRODUCT_NAME = "$(TARGET_NAME)";
				SWIFT_VERSION = 3.0;
			};
			name = Debug;
		};
		6C1528461E865AB30086D4D5 /* Release */ = {
			isa = XCBuildConfiguration;
			baseConfigurationReference = 16F978C69749D89859E3AD5F /* Pods-RXSwiftExtention.release.xcconfig */;
			buildSettings = {
				ASSETCATALOG_COMPILER_APPICON_NAME = AppIcon;
				DEVELOPMENT_TEAM = VXB732ZTGU;
				INFOPLIST_FILE = RXSwiftExtention/Info.plist;
				IPHONEOS_DEPLOYMENT_TARGET = 9.0;
				LD_RUNPATH_SEARCH_PATHS = "$(inherited) @executable_path/Frameworks";
				PRODUCT_BUNDLE_IDENTIFIER = RX.RXSwiftExtention;
				PRODUCT_NAME = "$(TARGET_NAME)";
				SWIFT_VERSION = 3.0;
			};
			name = Release;
		};
/* End XCBuildConfiguration section */

/* Begin XCConfigurationList section */
		6C15282D1E865AB30086D4D5 /* Build configuration list for PBXProject "RXSwiftExtention" */ = {
			isa = XCConfigurationList;
			buildConfigurations = (
				6C1528421E865AB30086D4D5 /* Debug */,
				6C1528431E865AB30086D4D5 /* Release */,
			);
			defaultConfigurationIsVisible = 0;
			defaultConfigurationName = Release;
		};
		6C1528441E865AB30086D4D5 /* Build configuration list for PBXNativeTarget "RXSwiftExtention" */ = {
			isa = XCConfigurationList;
			buildConfigurations = (
				6C1528451E865AB30086D4D5 /* Debug */,
				6C1528461E865AB30086D4D5 /* Release */,
			);
			defaultConfigurationIsVisible = 0;
			defaultConfigurationName = Release;
		};
/* End XCConfigurationList section */
	};
	rootObject = 6C15282A1E865AB30086D4D5 /* Project object */;
}
